
Microsoft Visual Studio Solution File, Format Version 12.00
# Visual Studio 14
VisualStudioVersion = 14.0.24720.0
MinimumVisualStudioVersion = 10.0.40219.1
Project("{888888A0-9F3D-457C-B088-3A5042F75D52}") = "Week 5 - Programming Assignments", "Week 5 - Programming Assignments\Week 5 - Programming Assignments.pyproj", "{152658EA-97A3-4914-988A-6C14FD7F06BC}"
EndProject
Global
	GlobalSection(SolutionConfigurationPlatforms) = preSolution
		Debug|Any CPU = Debug|Any CPU
		Release|Any CPU = Release|Any CPU
	EndGlobalSection
	GlobalSection(ProjectConfigurationPlatforms) = postSolution
		{152658EA-97A3-4914-988A-6C14FD7F06BC}.Debug|Any CPU.ActiveCfg = Debug|Any CPU
		{152658EA-97A3-4914-988A-6C14FD7F06BC}.Release|Any CPU.ActiveCfg = Release|Any CPU
	EndGlobalSection
	GlobalSection(SolutionProperties) = preSolution
		HideSolutionNode = FALSE
	EndGlobalSection
EndGlobal
